
Microsoft Visual Studio Solution File, Format Version 12.00
# Visual Studio Version 16
VisualStudioVersion = 16.0.29209.62
MinimumVisualStudioVersion = 10.0.40219.1
Project("{FAE04EC0-301F-11D3-BF4B-00C04F79EFBC}") = "Programmeringslektion", "Programmeringslektion\Programmeringslektion.csproj", "{806BB946-6783-44BB-BD1F-8089D5685020}"
EndProject
Global
	GlobalSection(SolutionConfigurationPlatforms) = preSolution
		Debug|Any CPU = Debug|Any CPU
		Release|Any CPU = Release|Any CPU
	EndGlobalSection
	GlobalSection(ProjectConfigurationPlatforms) = postSolution
		{806BB946-6783-44BB-BD1F-8089D5685020}.Debug|Any CPU.ActiveCfg = Debug|Any CPU
		{806BB946-6783-44BB-BD1F-8089D5685020}.Debug|Any CPU.Build.0 = Debug|Any CPU
		{806BB946-6783-44BB-BD1F-8089D5685020}.Release|Any CPU.ActiveCfg = Release|Any CPU
		{806BB946-6783-44BB-BD1F-8089D5685020}.Release|Any CPU.Build.0 = Release|Any CPU
	EndGlobalSection
	GlobalSection(SolutionProperties) = preSolution
		HideSolutionNode = FALSE
	EndGlobalSection
	GlobalSection(ExtensibilityGlobals) = postSolution
		SolutionGuid = {BA53F3D9-C17C-494C-AF78-2EC55B4CFE98}
	EndGlobalSection
EndGlobal
